
Microsoft Visual Studio Solution File, Format Version 12.00
# Visual Studio Version 17
VisualStudioVersion = 17.14.36518.9 d17.14
MinimumVisualStudioVersion = 10.0.40219.1
Project("{FAE04EC0-301F-11D3-BF4B-00C04F79EFBC}") = "Task27.09", "Task27.09\Task27.09.csproj", "{4655C629-6BF0-4079-8962-CE5734C30474}"
EndProject
Global
	GlobalSection(SolutionConfigurationPlatforms) = preSolution
		Debug|Any CPU = Debug|Any CPU
		Release|Any CPU = Release|Any CPU
	EndGlobalSection
	GlobalSection(ProjectConfigurationPlatforms) = postSolution
		{4655C629-6BF0-4079-8962-CE5734C30474}.Debug|Any CPU.ActiveCfg = Debug|Any CPU
		{4655C629-6BF0-4079-8962-CE5734C30474}.Debug|Any CPU.Build.0 = Debug|Any CPU
		{4655C629-6BF0-4079-8962-CE5734C30474}.Release|Any CPU.ActiveCfg = Release|Any CPU
		{4655C629-6BF0-4079-8962-CE5734C30474}.Release|Any CPU.Build.0 = Release|Any CPU
	EndGlobalSection
	GlobalSection(SolutionProperties) = preSolution
		HideSolutionNode = FALSE
	EndGlobalSection
	GlobalSection(ExtensibilityGlobals) = postSolution
		SolutionGuid = {D30827D0-07F6-4E0C-B84B-5D7B3E7C3A62}
	EndGlobalSection
EndGlobal
