
Microsoft Visual Studio Solution File, Format Version 12.00
# Visual Studio Version 17
VisualStudioVersion = 17.14.36518.9 d17.14
MinimumVisualStudioVersion = 10.0.40219.1
Project("{FAE04EC0-301F-11D3-BF4B-00C04F79EFBC}") = "solution2", "solution2\solution2.csproj", "{3AE12959-9425-4A53-AD2D-695A0D11DC58}"
EndProject
Global
	GlobalSection(SolutionConfigurationPlatforms) = preSolution
		Debug|Any CPU = Debug|Any CPU
		Release|Any CPU = Release|Any CPU
	EndGlobalSection
	GlobalSection(ProjectConfigurationPlatforms) = postSolution
		{3AE12959-9425-4A53-AD2D-695A0D11DC58}.Debug|Any CPU.ActiveCfg = Debug|Any CPU
		{3AE12959-9425-4A53-AD2D-695A0D11DC58}.Debug|Any CPU.Build.0 = Debug|Any CPU
		{3AE12959-9425-4A53-AD2D-695A0D11DC58}.Release|Any CPU.ActiveCfg = Release|Any CPU
		{3AE12959-9425-4A53-AD2D-695A0D11DC58}.Release|Any CPU.Build.0 = Release|Any CPU
	EndGlobalSection
	GlobalSection(SolutionProperties) = preSolution
		HideSolutionNode = FALSE
	EndGlobalSection
	GlobalSection(ExtensibilityGlobals) = postSolution
		SolutionGuid = {7967D52E-D99C-45DB-A3EA-0494CA016E22}
	EndGlobalSection
EndGlobal
